# THIS IS AN AUTOGENERATED FILE. DO NOT EDIT THIS FILE DIRECTLY.
# yarn lockfile v1


"@yapv/core@^0.2.2":
  version "0.2.2"
  resolved "https://registry.yarnpkg.com/@yapv/core/-/core-0.2.2.tgz#d6e3d4a87fe44e4d5270b1907cd21fe7b7edca41"
  integrity sha512-PqMLbkNwKTK8UNEqHDx5Tt6CY9xB5v3/LUf/jOOhym/kgcby3h7zl/L34BRY+jRT6tN+YG9ONIelIzQp9ZXipw==

"@yapv/svg@^0.2.2":
  version "0.2.2"
  resolved "https://registry.yarnpkg.com/@yapv/svg/-/svg-0.2.2.tgz#d51551e8be309fc29ef5c46590d9a8e61c3f51d4"
  integrity sha512-8MthpOWW74G1+SsM1Het3QLBto++B9m0c7ZPnrWDcruRNN4Y6EbVnapjq9yE7WnhIfSC0ZPPhgrwUl5WUZU9aA==
